
Microsoft Visual Studio Solution File, Format Version 12.00
# Visual Studio 15
VisualStudioVersion = 15.0.27703.2035
MinimumVisualStudioVersion = 10.0.40219.1
Project("{FAE04EC0-301F-11D3-BF4B-00C04F79EFBC}") = "FightCore", "FightCore\FightCore.csproj", "{15492291-F251-451B-A1F3-077CCC922BA1}"
EndProject
Project("{FAE04EC0-301F-11D3-BF4B-00C04F79EFBC}") = "FightCore DAL", "FightCore DAL\FightCore DAL.csproj", "{167BAB3D-4B4B-439B-9CB6-B3688584AA91}"
EndProject
Project("{FAE04EC0-301F-11D3-BF4B-00C04F79EFBC}") = "FightCore Models", "FightCore Models\FightCore Models.csproj", "{4E8A8CAE-BB44-4644-B269-366C46CAA8BA}"
EndProject
Project("{FAE04EC0-301F-11D3-BF4B-00C04F79EFBC}") = "FightCore Services", "FightCore Services\FightCore Services.csproj", "{BCB669F3-DB7D-4A1A-B039-80363603614D}"
EndProject
Project("{FAE04EC0-301F-11D3-BF4B-00C04F79EFBC}") = "FightCore Repository", "FightCore Repository\FightCore Repository.csproj", "{C2482734-CAF8-4684-AD8C-B34403A13009}"
EndProject
Global
	GlobalSection(SolutionConfigurationPlatforms) = preSolution
		Debug|Any CPU = Debug|Any CPU
		Release|Any CPU = Release|Any CPU
	EndGlobalSection
	GlobalSection(ProjectConfigurationPlatforms) = postSolution
		{15492291-F251-451B-A1F3-077CCC922BA1}.Debug|Any CPU.ActiveCfg = Debug|Any CPU
		{15492291-F251-451B-A1F3-077CCC922BA1}.Debug|Any CPU.Build.0 = Debug|Any CPU
		{15492291-F251-451B-A1F3-077CCC922BA1}.Release|Any CPU.ActiveCfg = Release|Any CPU
		{15492291-F251-451B-A1F3-077CCC922BA1}.Release|Any CPU.Build.0 = Release|Any CPU
		{167BAB3D-4B4B-439B-9CB6-B3688584AA91}.Debug|Any CPU.ActiveCfg = Debug|Any CPU
		{167BAB3D-4B4B-439B-9CB6-B3688584AA91}.Debug|Any CPU.Build.0 = Debug|Any CPU
		{167BAB3D-4B4B-439B-9CB6-B3688584AA91}.Release|Any CPU.ActiveCfg = Release|Any CPU
		{167BAB3D-4B4B-439B-9CB6-B3688584AA91}.Release|Any CPU.Build.0 = Release|Any CPU
		{4E8A8CAE-BB44-4644-B269-366C46CAA8BA}.Debug|Any CPU.ActiveCfg = Debug|Any CPU
		{4E8A8CAE-BB44-4644-B269-366C46CAA8BA}.Debug|Any CPU.Build.0 = Debug|Any CPU
		{4E8A8CAE-BB44-4644-B269-366C46CAA8BA}.Release|Any CPU.ActiveCfg = Release|Any CPU
		{4E8A8CAE-BB44-4644-B269-366C46CAA8BA}.Release|Any CPU.Build.0 = Release|Any CPU
		{BCB669F3-DB7D-4A1A-B039-80363603614D}.Debug|Any CPU.ActiveCfg = Debug|Any CPU
		{BCB669F3-DB7D-4A1A-B039-80363603614D}.Debug|Any CPU.Build.0 = Debug|Any CPU
		{BCB669F3-DB7D-4A1A-B039-80363603614D}.Release|Any CPU.ActiveCfg = Release|Any CPU
		{BCB669F3-DB7D-4A1A-B039-80363603614D}.Release|Any CPU.Build.0 = Release|Any CPU
		{C2482734-CAF8-4684-AD8C-B34403A13009}.Debug|Any CPU.ActiveCfg = Debug|Any CPU
		{C2482734-CAF8-4684-AD8C-B34403A13009}.Debug|Any CPU.Build.0 = Debug|Any CPU
		{C2482734-CAF8-4684-AD8C-B34403A13009}.Release|Any CPU.ActiveCfg = Release|Any CPU
		{C2482734-CAF8-4684-AD8C-B34403A13009}.Release|Any CPU.Build.0 = Release|Any CPU
	EndGlobalSection
	GlobalSection(SolutionProperties) = preSolution
		HideSolutionNode = FALSE
	EndGlobalSection
	GlobalSection(ExtensibilityGlobals) = postSolution
		SolutionGuid = {6C6A5FF0-BC6D-4F20-872F-A74636F4D79B}
	EndGlobalSection
EndGlobal
